// !$*UTF8*$!
{
	archiveVersion = 1;
	classes = {
	};
	objectVersion = 77;
	objects = {

/* Begin PBXBuildFile section */
		A00000000000000000000031 /* libsqlite3.tbd in Frameworks */ = {isa = PBXBuildFile; fileRef = A00000000000000000000021 /* libsqlite3.tbd */; };
		A00000000000000000000032 /* Security.framework in Frameworks */ = {isa = PBXBuildFile; fileRef = A00000000000000000000022 /* Security.framework */; };
		A00000000000000000000033 /* ProjectOSCore in Frameworks */ = {isa = PBXBuildFile; productRef = A00000000000000000000061 /* ProjectOSCore */; };
/* End PBXBuildFile section */

/* Begin PBXContainerItemProxy section */
		A00000000000000000000041 /* PBXContainerItemProxy */ = {
			isa = PBXContainerItemProxy;
			containerPortal = A00000000000000000000001 /* Project object */;
			proxyType = 1;
			remoteGlobalIDString = A00000000000000000000010;
			remoteInfo = ProjectOS;
		};
/* End PBXContainerItemProxy section */

/* Begin PBXFileReference section */
		A00000000000000000000020 /* ProjectOS.app */ = {isa = PBXFileReference; explicitFileType = wrapper.application; includeInIndex = 0; path = ProjectOS.app; sourceTree = BUILT_PRODUCTS_DIR; };
		A00000000000000000000021 /* libsqlite3.tbd */ = {isa = PBXFileReference; lastKnownFileType = "sourcecode.text-based-dylib-definition"; name = libsqlite3.tbd; path = usr/lib/libsqlite3.tbd; sourceTree = SDKROOT; };
		A00000000000000000000022 /* Security.framework */ = {isa = PBXFileReference; lastKnownFileType = wrapper.framework; name = Security.framework; path = System/Library/Frameworks/Security.framework; sourceTree = SDKROOT; };
		A00000000000000000000023 /* ProjectOSTests.xctest */ = {isa = PBXFileReference; explicitFileType = wrapper.cfbundle; includeInIndex = 0; path = ProjectOSTests.xctest; sourceTree = BUILT_PRODUCTS_DIR; };
		A00000000000000000000024 /* ProjectOSUITests.xctest */ = {isa = PBXFileReference; explicitFileType = wrapper.cfbundle; includeInIndex = 0; path = ProjectOSUITests.xctest; sourceTree = BUILT_PRODUCTS_DIR; };
/* End PBXFileReference section */

/* Begin PBXFileSystemSynchronizedBuildFileExceptionSet section */
		A00000000000000000000070 /* Exceptions for "ProjectOS" folder in "ProjectOS" target */ = {
			isa = PBXFileSystemSynchronizedBuildFileExceptionSet;
			membershipExceptions = (
				Info.plist,
			);
			target = A00000000000000000000010 /* ProjectOS */;
		};
/* End PBXFileSystemSynchronizedBuildFileExceptionSet section */

/* Begin PBXFileSystemSynchronizedRootGroup section */
		A00000000000000000000050 /* ProjectOS */ = {
			isa = PBXFileSystemSynchronizedRootGroup;
			exceptions = (
				A00000000000000000000070 /* Exceptions for "ProjectOS" folder in "ProjectOS" target */,
			);
			path = ProjectOS;
			sourceTree = "<group>";
		};
		A00000000000000000000051 /* ProjectOSTests */ = {
			isa = PBXFileSystemSynchronizedRootGroup;
			path = ProjectOSTests;
			sourceTree = "<group>";
		};
		A00000000000000000000052 /* ProjectOSUITests */ = {
			isa = PBXFileSystemSynchronizedRootGroup;
			path = ProjectOSUITests;
			sourceTree = "<group>";
		};
/* End PBXFileSystemSynchronizedRootGroup section */

/* Begin PBXFrameworksBuildPhase section */
		A00000000000000000000101 /* Frameworks */ = {
			isa = PBXFrameworksBuildPhase;
			buildActionMask = 2147483647;
			files = (
				A00000000000000000000031 /* libsqlite3.tbd in Frameworks */,
				A00000000000000000000032 /* Security.framework in Frameworks */,
				A00000000000000000000033 /* ProjectOSCore in Frameworks */,
			);
			runOnlyForDeploymentPostprocessing = 0;
		};
		A00000000000000000000111 /* Frameworks */ = {
			isa = PBXFrameworksBuildPhase;
			buildActionMask = 2147483647;
			files = (
			);
			runOnlyForDeploymentPostprocessing = 0;
		};
		A00000000000000000000121 /* Frameworks */ = {
			isa = PBXFrameworksBuildPhase;
			buildActionMask = 2147483647;
			files = (
			);
			runOnlyForDeploymentPostprocessing = 0;
		};
/* End PBXFrameworksBuildPhase section */

/* Begin PBXGroup section */
		A00000000000000000000002 = {
			isa = PBXGroup;
			children = (
				A00000000000000000000050 /* ProjectOS */,
				A00000000000000000000051 /* ProjectOSTests */,
				A00000000000000000000052 /* ProjectOSUITests */,
				A00000000000000000000004 /* Frameworks */,
				A00000000000000000000003 /* Products */,
			);
			sourceTree = "<group>";
		};
		A00000000000000000000003 /* Products */ = {
			isa = PBXGroup;
			children = (
				A00000000000000000000020 /* ProjectOS.app */,
				A00000000000000000000023 /* ProjectOSTests.xctest */,
				A00000000000000000000024 /* ProjectOSUITests.xctest */,
			);
			name = Products;
			sourceTree = "<group>";
		};
		A00000000000000000000004 /* Frameworks */ = {
			isa = PBXGroup;
			children = (
				A00000000000000000000021 /* libsqlite3.tbd */,
				A00000000000000000000022 /* Security.framework */,
			);
			name = Frameworks;
			sourceTree = "<group>";
		};
/* End PBXGroup section */

/* Begin PBXNativeTarget section */
		A00000000000000000000010 /* ProjectOS */ = {
			isa = PBXNativeTarget;
			buildConfigurationList = A00000000000000000000210 /* Build configuration list for PBXNativeTarget "ProjectOS" */;
			buildPhases = (
				A00000000000000000000100 /* Sources */,
				A00000000000000000000101 /* Frameworks */,
				A00000000000000000000102 /* Resources */,
			);
			buildRules = (
			);
			dependencies = (
			);
			fileSystemSynchronizedGroups = (
				A00000000000000000000050 /* ProjectOS */,
			);
			name = ProjectOS;
			packageProductDependencies = (
				A00000000000000000000061 /* ProjectOSCore */,
			);
			productName = ProjectOS;
			productReference = A00000000000000000000020 /* ProjectOS.app */;
			productType = "com.apple.product-type.application";
		};
		A00000000000000000000011 /* ProjectOSTests */ = {
			isa = PBXNativeTarget;
			buildConfigurationList = A00000000000000000000211 /* Build configuration list for PBXNativeTarget "ProjectOSTests" */;
			buildPhases = (
				A00000000000000000000110 /* Sources */,
				A00000000000000000000111 /* Frameworks */,
				A00000000000000000000112 /* Resources */,
			);
			buildRules = (
			);
			dependencies = (
				A00000000000000000000040 /* PBXTargetDependency */,
			);
			fileSystemSynchronizedGroups = (
				A00000000000000000000051 /* ProjectOSTests */,
			);
			name = ProjectOSTests;
			productName = ProjectOSTests;
			productReference = A00000000000000000000023 /* ProjectOSTests.xctest */;
			productType = "com.apple.product-type.bundle.unit-test";
		};
		A00000000000000000000012 /* ProjectOSUITests */ = {
			isa = PBXNativeTarget;
			buildConfigurationList = A00000000000000000000212 /* Build configuration list for PBXNativeTarget "ProjectOSUITests" */;
			buildPhases = (
				A00000000000000000000120 /* Sources */,
				A00000000000000000000121 /* Frameworks */,
				A00000000000000000000122 /* Resources */,
			);
			buildRules = (
			);
			dependencies = (
				A00000000000000000000042 /* PBXTargetDependency */,
			);
			fileSystemSynchronizedGroups = (
				A00000000000000000000052 /* ProjectOSUITests */,
			);
			name = ProjectOSUITests;
			productName = ProjectOSUITests;
			productReference = A00000000000000000000024 /* ProjectOSUITests.xctest */;
			productType = "com.apple.product-type.bundle.ui-testing";
		};
/* End PBXNativeTarget section */

/* Begin PBXProject section */
		A00000000000000000000001 /* Project object */ = {
			isa = PBXProject;
			attributes = {
				BuildIndependentTargetsInParallel = 1;
				LastSwiftUpdateCheck = 2660;
				LastUpgradeCheck = 2660;
				TargetAttributes = {
					A00000000000000000000010 = {
						CreatedOnToolsVersion = 26.0;
					};
					A00000000000000000000011 = {
						CreatedOnToolsVersion = 26.0;
						TestTargetID = A00000000000000000000010;
					};
					A00000000000000000000012 = {
						CreatedOnToolsVersion = 26.0;
						TestTargetID = A00000000000000000000010;
					};
				};
			};
			buildConfigurationList = A00000000000000000000200 /* Build configuration list for PBXProject "ProjectOS" */;
			developmentRegion = en;
			hasScannedForEncodings = 0;
			knownRegions = (
				en,
				Base,
			);
			mainGroup = A00000000000000000000002;
			minimizedProjectReferenceProxies = 1;
			packageReferences = (
				A00000000000000000000060 /* XCLocalSwiftPackageReference "Packages/ProjectOSCore" */,
			);
			preferredProjectObjectVersion = 77;
			productRefGroup = A00000000000000000000003 /* Products */;
			projectDirPath = "";
			projectRoot = "";
			targets = (
				A00000000000000000000010 /* ProjectOS */,
				A00000000000000000000011 /* ProjectOSTests */,
				A00000000000000000000012 /* ProjectOSUITests */,
			);
		};
/* End PBXProject section */

/* Begin PBXResourcesBuildPhase section */
		A00000000000000000000102 /* Resources */ = {
			isa = PBXResourcesBuildPhase;
			buildActionMask = 2147483647;
			files = (
			);
			runOnlyForDeploymentPostprocessing = 0;
		};
		A00000000000000000000112 /* Resources */ = {
			isa = PBXResourcesBuildPhase;
			buildActionMask = 2147483647;
			files = (
			);
			runOnlyForDeploymentPostprocessing = 0;
		};
		A00000000000000000000122 /* Resources */ = {
			isa = PBXResourcesBuildPhase;
			buildActionMask = 2147483647;
			files = (
			);
			runOnlyForDeploymentPostprocessing = 0;
		};
/* End PBXResourcesBuildPhase section */

/* Begin PBXSourcesBuildPhase section */
		A00000000000000000000100 /* Sources */ = {
			isa = PBXSourcesBuildPhase;
			buildActionMask = 2147483647;
			files = (
			);
			runOnlyForDeploymentPostprocessing = 0;
		};
		A00000000000000000000110 /* Sources */ = {
			isa = PBXSourcesBuildPhase;
			buildActionMask = 2147483647;
			files = (
			);
			runOnlyForDeploymentPostprocessing = 0;
		};
		A00000000000000000000120 /* Sources */ = {
			isa = PBXSourcesBuildPhase;
			buildActionMask = 2147483647;
			files = (
			);
			runOnlyForDeploymentPostprocessing = 0;
		};
/* End PBXSourcesBuildPhase section */

/* Begin PBXTargetDependency section */
		A00000000000000000000040 /* PBXTargetDependency */ = {
			isa = PBXTargetDependency;
			target = A00000000000000000000010 /* ProjectOS */;
			targetProxy = A00000000000000000000041 /* PBXContainerItemProxy */;
		};
		A00000000000000000000042 /* PBXTargetDependency */ = {
			isa = PBXTargetDependency;
			target = A00000000000000000000010 /* ProjectOS */;
			targetProxy = A00000000000000000000041 /* PBXContainerItemProxy */;
		};
/* End PBXTargetDependency section */

/* Begin XCBuildConfiguration section */
		A00000000000000000000300 /* Debug */ = {
			isa = XCBuildConfiguration;
			buildSettings = {
				CLANG_ENABLE_MODULES = YES;
				MACOSX_DEPLOYMENT_TARGET = 26.0;
				SDKROOT = macosx;
				SWIFT_VERSION = 6.0;
			};
			name = Debug;
		};
		A00000000000000000000301 /* Release */ = {
			isa = XCBuildConfiguration;
			buildSettings = {
				CLANG_ENABLE_MODULES = YES;
				MACOSX_DEPLOYMENT_TARGET = 26.0;
				SDKROOT = macosx;
				SWIFT_VERSION = 6.0;
			};
			name = Release;
		};
		A00000000000000000000310 /* Debug */ = {
			isa = XCBuildConfiguration;
			buildSettings = {
				CODE_SIGN_ENTITLEMENTS = ProjectOS/ProjectOS.entitlements;
				CODE_SIGN_IDENTITY = "-";
				CODE_SIGN_STYLE = Automatic;
				CURRENT_PROJECT_VERSION = 1;
				ENABLE_APP_SANDBOX = YES;
				ENABLE_TESTABILITY = YES;
				GENERATE_INFOPLIST_FILE = NO;
				INFOPLIST_FILE = ProjectOS/Info.plist;
				LD_RUNPATH_SEARCH_PATHS = (
					"$(inherited)",
					"@executable_path/../Frameworks",
				);
				MARKETING_VERSION = 0.1;
				ONLY_ACTIVE_ARCH = YES;
				PRODUCT_BUNDLE_IDENTIFIER = com.wouter.ProjectOS;
				PRODUCT_NAME = "$(TARGET_NAME)";
				SWIFT_EMIT_LOC_STRINGS = YES;
				SWIFT_STRICT_CONCURRENCY = minimal;
				SWIFT_VERSION = 6.0;
			};
			name = Debug;
		};
		A00000000000000000000311 /* Release */ = {
			isa = XCBuildConfiguration;
			buildSettings = {
				CODE_SIGN_ENTITLEMENTS = ProjectOS/ProjectOS.entitlements;
				CODE_SIGN_IDENTITY = "-";
				CODE_SIGN_STYLE = Automatic;
				CURRENT_PROJECT_VERSION = 1;
				ENABLE_APP_SANDBOX = YES;
				GENERATE_INFOPLIST_FILE = NO;
				INFOPLIST_FILE = ProjectOS/Info.plist;
				LD_RUNPATH_SEARCH_PATHS = (
					"$(inherited)",
					"@executable_path/../Frameworks",
				);
				MARKETING_VERSION = 0.1;
				ONLY_ACTIVE_ARCH = YES;
				PRODUCT_BUNDLE_IDENTIFIER = com.wouter.ProjectOS;
				PRODUCT_NAME = "$(TARGET_NAME)";
				SWIFT_COMPILATION_MODE = wholemodule;
				SWIFT_STRICT_CONCURRENCY = minimal;
				SWIFT_VERSION = 6.0;
			};
			name = Release;
		};
		A00000000000000000000320 /* Debug */ = {
			isa = XCBuildConfiguration;
			buildSettings = {
				BUNDLE_LOADER = "$(TEST_HOST)";
				GENERATE_INFOPLIST_FILE = YES;
				MACOSX_DEPLOYMENT_TARGET = 26.0;
				PRODUCT_BUNDLE_IDENTIFIER = com.wouter.ProjectOSTests;
				PRODUCT_NAME = "$(TARGET_NAME)";
				SWIFT_STRICT_CONCURRENCY = minimal;
				SWIFT_VERSION = 6.0;
				TEST_HOST = "$(BUILT_PRODUCTS_DIR)/ProjectOS.app/Contents/MacOS/ProjectOS";
			};
			name = Debug;
		};
		A00000000000000000000321 /* Release */ = {
			isa = XCBuildConfiguration;
			buildSettings = {
				BUNDLE_LOADER = "$(TEST_HOST)";
				GENERATE_INFOPLIST_FILE = YES;
				MACOSX_DEPLOYMENT_TARGET = 26.0;
				PRODUCT_BUNDLE_IDENTIFIER = com.wouter.ProjectOSTests;
				PRODUCT_NAME = "$(TARGET_NAME)";
				SWIFT_STRICT_CONCURRENCY = minimal;
				SWIFT_VERSION = 6.0;
				TEST_HOST = "$(BUILT_PRODUCTS_DIR)/ProjectOS.app/Contents/MacOS/ProjectOS";
			};
			name = Release;
		};
		A00000000000000000000330 /* Debug */ = {
			isa = XCBuildConfiguration;
			buildSettings = {
				GENERATE_INFOPLIST_FILE = YES;
				MACOSX_DEPLOYMENT_TARGET = 26.0;
				PRODUCT_BUNDLE_IDENTIFIER = com.wouter.ProjectOSUITests;
				PRODUCT_NAME = "$(TARGET_NAME)";
				SWIFT_VERSION = 6.0;
				TEST_TARGET_NAME = ProjectOS;
			};
			name = Debug;
		};
		A00000000000000000000331 /* Release */ = {
			isa = XCBuildConfiguration;
			buildSettings = {
				GENERATE_INFOPLIST_FILE = YES;
				MACOSX_DEPLOYMENT_TARGET = 26.0;
				PRODUCT_BUNDLE_IDENTIFIER = com.wouter.ProjectOSUITests;
				PRODUCT_NAME = "$(TARGET_NAME)";
				SWIFT_VERSION = 6.0;
				TEST_TARGET_NAME = ProjectOS;
			};
			name = Release;
		};
/* End XCBuildConfiguration section */

/* Begin XCConfigurationList section */
		A00000000000000000000200 /* Build configuration list for PBXProject "ProjectOS" */ = {
			isa = XCConfigurationList;
			buildConfigurations = (
				A00000000000000000000300 /* Debug */,
				A00000000000000000000301 /* Release */,
			);
			defaultConfigurationIsVisible = 0;
			defaultConfigurationName = Release;
		};
		A00000000000000000000210 /* Build configuration list for PBXNativeTarget "ProjectOS" */ = {
			isa = XCConfigurationList;
			buildConfigurations = (
				A00000000000000000000310 /* Debug */,
				A00000000000000000000311 /* Release */,
			);
			defaultConfigurationIsVisible = 0;
			defaultConfigurationName = Release;
		};
		A00000000000000000000211 /* Build configuration list for PBXNativeTarget "ProjectOSTests" */ = {
			isa = XCConfigurationList;
			buildConfigurations = (
				A00000000000000000000320 /* Debug */,
				A00000000000000000000321 /* Release */,
			);
			defaultConfigurationIsVisible = 0;
			defaultConfigurationName = Release;
		};
		A00000000000000000000212 /* Build configuration list for PBXNativeTarget "ProjectOSUITests" */ = {
			isa = XCConfigurationList;
			buildConfigurations = (
				A00000000000000000000330 /* Debug */,
				A00000000000000000000331 /* Release */,
			);
			defaultConfigurationIsVisible = 0;
			defaultConfigurationName = Release;
		};
/* End XCConfigurationList section */

/* Begin XCLocalSwiftPackageReference section */
		A00000000000000000000060 /* XCLocalSwiftPackageReference "Packages/ProjectOSCore" */ = {
			isa = XCLocalSwiftPackageReference;
			relativePath = Packages/ProjectOSCore;
		};
/* End XCLocalSwiftPackageReference section */

/* Begin XCSwiftPackageProductDependency section */
		A00000000000000000000061 /* ProjectOSCore */ = {
			isa = XCSwiftPackageProductDependency;
			package = A00000000000000000000060 /* XCLocalSwiftPackageReference "Packages/ProjectOSCore" */;
			productName = ProjectOSCore;
		};
/* End XCSwiftPackageProductDependency section */
	};
	rootObject = A00000000000000000000001 /* Project object */;
}
